
Microsoft Visual Studio Solution File, Format Version 11.00
# Visual Studio 2010
Project("{FAE04EC0-301F-11D3-BF4B-00C04F79EFBC}") = "DS9208YY", "DS9208YY.csproj", "{B25DD9A8-2AE5-423E-B102-1919AA31D553}"
EndProject
Global
	GlobalSection(SolutionConfigurationPlatforms) = preSolution
		Debug|Any CPU = Debug|Any CPU
		Release|Any CPU = Release|Any CPU
	EndGlobalSection
	GlobalSection(ProjectConfigurationPlatforms) = postSolution
		{B25DD9A8-2AE5-423E-B102-1919AA31D553}.Debug|Any CPU.ActiveCfg = Debug|Any CPU
		{B25DD9A8-2AE5-423E-B102-1919AA31D553}.Debug|Any CPU.Build.0 = Debug|Any CPU
		{B25DD9A8-2AE5-423E-B102-1919AA31D553}.Release|Any CPU.ActiveCfg = Release|Any CPU
		{B25DD9A8-2AE5-423E-B102-1919AA31D553}.Release|Any CPU.Build.0 = Release|Any CPU
	EndGlobalSection
	GlobalSection(SolutionProperties) = preSolution
		HideSolutionNode = FALSE
	EndGlobalSection
EndGlobal
